github.com/google/go-cmp v0.7.0 h1:wk8382ETsv4JYUZwIsn6YpYiWiBsYLSJiTsyBybVuN8=
github.com/google/go-cmp v0.7.0/go.mod h1:pXiqmnSA92OHEEa9HXL2W4E7lf9JzCmGVUdgjX3N/iU=
github.com/ishidawataru/sctp v0.0.0-20250427101207-53eab83c1cf6 h1:BcV9jRUmgOhP6dWHo1awB1QQQjGMRUuS9E4/lmwcbQY=
github.com/ishidawataru/sctp v0.0.0-20250427101207-53eab83c1cf6/go.mod h1:co9pwDoBCm1kGxawmb4sPq0cSIOOWNPT4KnHotMP1Zg=
github.com/pascaldekloe/goe v0.1.1 h1:Ah6WQ56rZONR3RW3qWa2NCZ6JAVvSpUcoLBaOmYFt9Q=
github.com/pascaldekloe/goe v0.1.1/go.mod h1:KSyfaxQOh0HZPjDP1FL/kFtbqYqrALJTaMafFUIccqU=
github.com/wmnsk/go-m3ua v0.1.11 h1:RqFkSfP7k+olJ7vMikpvONEMVNAwuUbQDwNt45+RAgs=
github.com/wmnsk/go-m3ua v0.1.11/go.mod h1:NFv3y4c6tHeKwyrwTu4wEQOth0tD4T+uaHb3vR/e+Hg=
github.com/wmnsk/go-sccp v0.0.2 h1:OC4yX+95H6HstxXdxHzHy7ByNWAHErUhf1E2DZ7t5Gs=
github.com/wmnsk/go-sccp v0.0.2/go.mod h1:u3PWZ/bd3SqWQbeopgSvd4W3ILI9D4O/1GkYIJ3xXoU=
